
Microsoft Visual Studio Solution File, Format Version 12.00
# Visual Studio 15
VisualStudioVersion = 15.0.27428.2002
MinimumVisualStudioVersion = 10.0.40219.1
Project("{FAE04EC0-301F-11D3-BF4B-00C04F79EFBC}") = "通过Thread发起线程", "通过Thread发起线程\通过Thread发起线程.csproj", "{EB461B7B-6BC7-4CDE-AB1A-503FA5873828}"
EndProject
Global
	GlobalSection(SolutionConfigurationPlatforms) = preSolution
		Debug|Any CPU = Debug|Any CPU
		Release|Any CPU = Release|Any CPU
	EndGlobalSection
	GlobalSection(ProjectConfigurationPlatforms) = postSolution
		{EB461B7B-6BC7-4CDE-AB1A-503FA5873828}.Debug|Any CPU.ActiveCfg = Debug|Any CPU
		{EB461B7B-6BC7-4CDE-AB1A-503FA5873828}.Debug|Any CPU.Build.0 = Debug|Any CPU
		{EB461B7B-6BC7-4CDE-AB1A-503FA5873828}.Release|Any CPU.ActiveCfg = Release|Any CPU
		{EB461B7B-6BC7-4CDE-AB1A-503FA5873828}.Release|Any CPU.Build.0 = Release|Any CPU
	EndGlobalSection
	GlobalSection(SolutionProperties) = preSolution
		HideSolutionNode = FALSE
	EndGlobalSection
	GlobalSection(ExtensibilityGlobals) = postSolution
		SolutionGuid = {DE09FF9B-EC3C-4F4F-8AEC-D3FD6A66B9A0}
	EndGlobalSection
EndGlobal
