
Microsoft Visual Studio Solution File, Format Version 12.00
# Visual Studio 15
VisualStudioVersion = 15.0.27428.2002
MinimumVisualStudioVersion = 10.0.40219.1
Project("{FAE04EC0-301F-11D3-BF4B-00C04F79EFBC}") = "通过Thread发起线程", "通过Thread发起线程\通过Thread发起线程.csproj", "{EB461B7B-6BC7-4CDE-AB1A-503FA5873828}"
EndProject
Project("{FAE04EC0-301F-11D3-BF4B-00C04F79EFBC}") = "线程池", "线程池\线程池.csproj", "{A2323716-DAB6-448D-B3B3-EC7227248D1B}"
EndProject
Project("{FAE04EC0-301F-11D3-BF4B-00C04F79EFBC}") = "线程任务", "线程任务\线程任务.csproj", "{FB6EC433-9A7B-46FB-8AC3-6BDD6D8B194B}"
EndProject
Project("{FAE04EC0-301F-11D3-BF4B-00C04F79EFBC}") = "连续任务", "连续任务\连续任务.csproj", "{A7FB7A80-AD39-4FB0-A7DC-DF6D8FEF437D}"
EndProject
Project("{FAE04EC0-301F-11D3-BF4B-00C04F79EFBC}") = "线程问题_争用条件", "线程问题_争用条件\线程问题_争用条件.csproj", "{56C00839-9ADA-4E4B-812E-749BCFD0629F}"
EndProject
Project("{FAE04EC0-301F-11D3-BF4B-00C04F79EFBC}") = "_2_socket编程_tcp协议服务器端", "_2_socket编程_tcp协议服务器端\_2_socket编程_tcp协议服务器端.csproj", "{FB41AF58-D0A6-428B-907C-5F792BDFE6FE}"
EndProject
Project("{2150E333-8FDC-42A3-9474-1A3956D46DE8}") = "线程", "线程", "{D899B3A0-83F7-4D20-80E6-7410F6F29383}"
EndProject
Project("{2150E333-8FDC-42A3-9474-1A3956D46DE8}") = "socket", "socket", "{81FE2902-A9A6-455A-9F10-5EA5845A847C}"
EndProject
Project("{FAE04EC0-301F-11D3-BF4B-00C04F79EFBC}") = "聊天室-tcp服务器端", "聊天室\聊天室-tcp服务器端.csproj", "{434A20DA-4919-430B-98F2-E61BD8F27F8A}"
EndProject
Project("{FAE04EC0-301F-11D3-BF4B-00C04F79EFBC}") = "socket编程_udp协议_服务器端", "socket编程_udp协议_服务器端\socket编程_udp协议_服务器端.csproj", "{589B9FAA-D3ED-4FEE-8D2B-FA069A3ADC5B}"
EndProject
Project("{FAE04EC0-301F-11D3-BF4B-00C04F79EFBC}") = "TCPlistener服务器端", "TCPlistener服务器端\TCPlistener服务器端.csproj", "{DC4F0FC6-8381-42B8-A7E9-3D539D2FAF61}"
EndProject
Project("{FAE04EC0-301F-11D3-BF4B-00C04F79EFBC}") = "udpclient", "udpclient\udpclient.csproj", "{56BDAA12-EA24-43E6-968C-23540AA1F09F}"
EndProject
Global
	GlobalSection(SolutionConfigurationPlatforms) = preSolution
		Debug|Any CPU = Debug|Any CPU
		Release|Any CPU = Release|Any CPU
	EndGlobalSection
	GlobalSection(ProjectConfigurationPlatforms) = postSolution
		{EB461B7B-6BC7-4CDE-AB1A-503FA5873828}.Debug|Any CPU.ActiveCfg = Debug|Any CPU
		{EB461B7B-6BC7-4CDE-AB1A-503FA5873828}.Debug|Any CPU.Build.0 = Debug|Any CPU
		{EB461B7B-6BC7-4CDE-AB1A-503FA5873828}.Release|Any CPU.ActiveCfg = Release|Any CPU
		{EB461B7B-6BC7-4CDE-AB1A-503FA5873828}.Release|Any CPU.Build.0 = Release|Any CPU
		{A2323716-DAB6-448D-B3B3-EC7227248D1B}.Debug|Any CPU.ActiveCfg = Debug|Any CPU
		{A2323716-DAB6-448D-B3B3-EC7227248D1B}.Debug|Any CPU.Build.0 = Debug|Any CPU
		{A2323716-DAB6-448D-B3B3-EC7227248D1B}.Release|Any CPU.ActiveCfg = Release|Any CPU
		{A2323716-DAB6-448D-B3B3-EC7227248D1B}.Release|Any CPU.Build.0 = Release|Any CPU
		{FB6EC433-9A7B-46FB-8AC3-6BDD6D8B194B}.Debug|Any CPU.ActiveCfg = Debug|Any CPU
		{FB6EC433-9A7B-46FB-8AC3-6BDD6D8B194B}.Debug|Any CPU.Build.0 = Debug|Any CPU
		{FB6EC433-9A7B-46FB-8AC3-6BDD6D8B194B}.Release|Any CPU.ActiveCfg = Release|Any CPU
		{FB6EC433-9A7B-46FB-8AC3-6BDD6D8B194B}.Release|Any CPU.Build.0 = Release|Any CPU
		{A7FB7A80-AD39-4FB0-A7DC-DF6D8FEF437D}.Debug|Any CPU.ActiveCfg = Debug|Any CPU
		{A7FB7A80-AD39-4FB0-A7DC-DF6D8FEF437D}.Debug|Any CPU.Build.0 = Debug|Any CPU
		{A7FB7A80-AD39-4FB0-A7DC-DF6D8FEF437D}.Release|Any CPU.ActiveCfg = Release|Any CPU
		{A7FB7A80-AD39-4FB0-A7DC-DF6D8FEF437D}.Release|Any CPU.Build.0 = Release|Any CPU
		{56C00839-9ADA-4E4B-812E-749BCFD0629F}.Debug|Any CPU.ActiveCfg = Debug|Any CPU
		{56C00839-9ADA-4E4B-812E-749BCFD0629F}.Debug|Any CPU.Build.0 = Debug|Any CPU
		{56C00839-9ADA-4E4B-812E-749BCFD0629F}.Release|Any CPU.ActiveCfg = Release|Any CPU
		{56C00839-9ADA-4E4B-812E-749BCFD0629F}.Release|Any CPU.Build.0 = Release|Any CPU
		{FB41AF58-D0A6-428B-907C-5F792BDFE6FE}.Debug|Any CPU.ActiveCfg = Debug|Any CPU
		{FB41AF58-D0A6-428B-907C-5F792BDFE6FE}.Debug|Any CPU.Build.0 = Debug|Any CPU
		{FB41AF58-D0A6-428B-907C-5F792BDFE6FE}.Release|Any CPU.ActiveCfg = Release|Any CPU
		{FB41AF58-D0A6-428B-907C-5F792BDFE6FE}.Release|Any CPU.Build.0 = Release|Any CPU
		{434A20DA-4919-430B-98F2-E61BD8F27F8A}.Debug|Any CPU.ActiveCfg = Debug|Any CPU
		{434A20DA-4919-430B-98F2-E61BD8F27F8A}.Debug|Any CPU.Build.0 = Debug|Any CPU
		{434A20DA-4919-430B-98F2-E61BD8F27F8A}.Release|Any CPU.ActiveCfg = Release|Any CPU
		{434A20DA-4919-430B-98F2-E61BD8F27F8A}.Release|Any CPU.Build.0 = Release|Any CPU
		{589B9FAA-D3ED-4FEE-8D2B-FA069A3ADC5B}.Debug|Any CPU.ActiveCfg = Debug|Any CPU
		{589B9FAA-D3ED-4FEE-8D2B-FA069A3ADC5B}.Debug|Any CPU.Build.0 = Debug|Any CPU
		{589B9FAA-D3ED-4FEE-8D2B-FA069A3ADC5B}.Release|Any CPU.ActiveCfg = Release|Any CPU
		{589B9FAA-D3ED-4FEE-8D2B-FA069A3ADC5B}.Release|Any CPU.Build.0 = Release|Any CPU
		{DC4F0FC6-8381-42B8-A7E9-3D539D2FAF61}.Debug|Any CPU.ActiveCfg = Debug|Any CPU
		{DC4F0FC6-8381-42B8-A7E9-3D539D2FAF61}.Debug|Any CPU.Build.0 = Debug|Any CPU
		{DC4F0FC6-8381-42B8-A7E9-3D539D2FAF61}.Release|Any CPU.ActiveCfg = Release|Any CPU
		{DC4F0FC6-8381-42B8-A7E9-3D539D2FAF61}.Release|Any CPU.Build.0 = Release|Any CPU
		{56BDAA12-EA24-43E6-968C-23540AA1F09F}.Debug|Any CPU.ActiveCfg = Debug|Any CPU
		{56BDAA12-EA24-43E6-968C-23540AA1F09F}.Debug|Any CPU.Build.0 = Debug|Any CPU
		{56BDAA12-EA24-43E6-968C-23540AA1F09F}.Release|Any CPU.ActiveCfg = Release|Any CPU
		{56BDAA12-EA24-43E6-968C-23540AA1F09F}.Release|Any CPU.Build.0 = Release|Any CPU
	EndGlobalSection
	GlobalSection(SolutionProperties) = preSolution
		HideSolutionNode = FALSE
	EndGlobalSection
	GlobalSection(NestedProjects) = preSolution
		{EB461B7B-6BC7-4CDE-AB1A-503FA5873828} = {D899B3A0-83F7-4D20-80E6-7410F6F29383}
		{A2323716-DAB6-448D-B3B3-EC7227248D1B} = {D899B3A0-83F7-4D20-80E6-7410F6F29383}
		{FB6EC433-9A7B-46FB-8AC3-6BDD6D8B194B} = {D899B3A0-83F7-4D20-80E6-7410F6F29383}
		{A7FB7A80-AD39-4FB0-A7DC-DF6D8FEF437D} = {D899B3A0-83F7-4D20-80E6-7410F6F29383}
		{56C00839-9ADA-4E4B-812E-749BCFD0629F} = {D899B3A0-83F7-4D20-80E6-7410F6F29383}
		{FB41AF58-D0A6-428B-907C-5F792BDFE6FE} = {81FE2902-A9A6-455A-9F10-5EA5845A847C}
		{434A20DA-4919-430B-98F2-E61BD8F27F8A} = {81FE2902-A9A6-455A-9F10-5EA5845A847C}
		{589B9FAA-D3ED-4FEE-8D2B-FA069A3ADC5B} = {81FE2902-A9A6-455A-9F10-5EA5845A847C}
		{DC4F0FC6-8381-42B8-A7E9-3D539D2FAF61} = {81FE2902-A9A6-455A-9F10-5EA5845A847C}
		{56BDAA12-EA24-43E6-968C-23540AA1F09F} = {81FE2902-A9A6-455A-9F10-5EA5845A847C}
	EndGlobalSection
	GlobalSection(ExtensibilityGlobals) = postSolution
		SolutionGuid = {DE09FF9B-EC3C-4F4F-8AEC-D3FD6A66B9A0}
	EndGlobalSection
EndGlobal
